
Microsoft Visual Studio Solution File, Format Version 12.00
# Visual Studio Version 17
VisualStudioVersion = 17.8.34525.116
MinimumVisualStudioVersion = 10.0.40219.1
Project("{FAE04EC0-301F-11D3-BF4B-00C04F79EFBC}") = "DataSourceDemo", "DataSourceDemo\DataSourceDemo.csproj", "{75E8BBD9-B3A8-485D-8A25-CD806DE081ED}"
EndProject
Global
	GlobalSection(SolutionConfigurationPlatforms) = preSolution
		Debug|Any CPU = Debug|Any CPU
		Release|Any CPU = Release|Any CPU
	EndGlobalSection
	GlobalSection(ProjectConfigurationPlatforms) = postSolution
		{75E8BBD9-B3A8-485D-8A25-CD806DE081ED}.Debug|Any CPU.ActiveCfg = Debug|Any CPU
		{75E8BBD9-B3A8-485D-8A25-CD806DE081ED}.Debug|Any CPU.Build.0 = Debug|Any CPU
		{75E8BBD9-B3A8-485D-8A25-CD806DE081ED}.Release|Any CPU.ActiveCfg = Release|Any CPU
		{75E8BBD9-B3A8-485D-8A25-CD806DE081ED}.Release|Any CPU.Build.0 = Release|Any CPU
	EndGlobalSection
	GlobalSection(SolutionProperties) = preSolution
		HideSolutionNode = FALSE
	EndGlobalSection
	GlobalSection(ExtensibilityGlobals) = postSolution
		SolutionGuid = {5E8DEE54-5F91-46F0-BC9A-40637767BD26}
	EndGlobalSection
EndGlobal
